// !$*UTF8*$!
{
	archiveVersion = 1;
	classes = {
	};
	objectVersion = 56;
	objects = {

/* Begin PBXBuildFile section */
		BD09AC8A2B0F3CBA00DCA8F7 /* Assets.swift in Sources */ = {isa = PBXBuildFile; fileRef = BD09AC892B0F3CBA00DCA8F7 /* Assets.swift */; };
		BD09AC8C2B0F3CC500DCA8F7 /* Strings.swift in Sources */ = {isa = PBXBuildFile; fileRef = BD09AC8B2B0F3CC500DCA8F7 /* Strings.swift */; };
		BD09AC8D2B0F40E100DCA8F7 /* Localizable.strings in Resources */ = {isa = PBXBuildFile; fileRef = BD09AC8F2B0F40E100DCA8F7 /* Localizable.strings */; };
		BDC204CB2B0DFA7200D2EFBE /* AppDelegate.swift in Sources */ = {isa = PBXBuildFile; fileRef = BDC204CA2B0DFA7200D2EFBE /* AppDelegate.swift */; };
		BDC204CD2B0DFA7200D2EFBE /* SceneDelegate.swift in Sources */ = {isa = PBXBuildFile; fileRef = BDC204CC2B0DFA7200D2EFBE /* SceneDelegate.swift */; };
		BDC204CF2B0DFA7200D2EFBE /* ViewController.swift in Sources */ = {isa = PBXBuildFile; fileRef = BDC204CE2B0DFA7200D2EFBE /* ViewController.swift */; };
		BDC204D42B0DFA7300D2EFBE /* Assets.xcassets in Resources */ = {isa = PBXBuildFile; fileRef = BDC204D32B0DFA7300D2EFBE /* Assets.xcassets */; };
		BDC204D72B0DFA7300D2EFBE /* LaunchScreen.storyboard in Resources */ = {isa = PBXBuildFile; fileRef = BDC204D52B0DFA7300D2EFBE /* LaunchScreen.storyboard */; };
		BDC204E22B0DFA7300D2EFBE /* GismeteoTests.swift in Sources */ = {isa = PBXBuildFile; fileRef = BDC204E12B0DFA7300D2EFBE /* GismeteoTests.swift */; };
		BDC204EC2B0DFA7300D2EFBE /* GismeteoUITests.swift in Sources */ = {isa = PBXBuildFile; fileRef = BDC204EB2B0DFA7300D2EFBE /* GismeteoUITests.swift */; };
		BDC204EE2B0DFA7300D2EFBE /* GismeteoUITestsLaunchTests.swift in Sources */ = {isa = PBXBuildFile; fileRef = BDC204ED2B0DFA7300D2EFBE /* GismeteoUITestsLaunchTests.swift */; };
/* End PBXBuildFile section */

/* Begin PBXContainerItemProxy section */
		BDC204DE2B0DFA7300D2EFBE /* PBXContainerItemProxy */ = {
			isa = PBXContainerItemProxy;
			containerPortal = BDC204BF2B0DFA7200D2EFBE /* Project object */;
			proxyType = 1;
			remoteGlobalIDString = BDC204C62B0DFA7200D2EFBE;
			remoteInfo = Gismeteo;
		};
		BDC204E82B0DFA7300D2EFBE /* PBXContainerItemProxy */ = {
			isa = PBXContainerItemProxy;
			containerPortal = BDC204BF2B0DFA7200D2EFBE /* Project object */;
			proxyType = 1;
			remoteGlobalIDString = BDC204C62B0DFA7200D2EFBE;
			remoteInfo = Gismeteo;
		};
/* End PBXContainerItemProxy section */

/* Begin PBXFileReference section */
		BD09AC892B0F3CBA00DCA8F7 /* Assets.swift */ = {isa = PBXFileReference; lastKnownFileType = sourcecode.swift; name = Assets.swift; path = ../Gismeteo/SupportingFiles/Autogenerated/Assets.swift; sourceTree = "<group>"; };
		BD09AC8B2B0F3CC500DCA8F7 /* Strings.swift */ = {isa = PBXFileReference; lastKnownFileType = sourcecode.swift; name = Strings.swift; path = ../Gismeteo/SupportingFiles/Autogenerated/Strings.swift; sourceTree = "<group>"; };
		BD09AC8E2B0F40E100DCA8F7 /* en */ = {isa = PBXFileReference; lastKnownFileType = text.plist.strings; name = en; path = en.lproj/Localizable.strings; sourceTree = "<group>"; };
		BDC204C72B0DFA7200D2EFBE /* Gismeteo.app */ = {isa = PBXFileReference; explicitFileType = wrapper.application; includeInIndex = 0; path = Gismeteo.app; sourceTree = BUILT_PRODUCTS_DIR; };
		BDC204CA2B0DFA7200D2EFBE /* AppDelegate.swift */ = {isa = PBXFileReference; lastKnownFileType = sourcecode.swift; path = AppDelegate.swift; sourceTree = "<group>"; };
		BDC204CC2B0DFA7200D2EFBE /* SceneDelegate.swift */ = {isa = PBXFileReference; lastKnownFileType = sourcecode.swift; path = SceneDelegate.swift; sourceTree = "<group>"; };
		BDC204CE2B0DFA7200D2EFBE /* ViewController.swift */ = {isa = PBXFileReference; lastKnownFileType = sourcecode.swift; path = ViewController.swift; sourceTree = "<group>"; };
		BDC204D32B0DFA7300D2EFBE /* Assets.xcassets */ = {isa = PBXFileReference; lastKnownFileType = folder.assetcatalog; name = Assets.xcassets; path = Gismeteo/SupportingFiles/Assets.xcassets; sourceTree = "<group>"; };
		BDC204D62B0DFA7300D2EFBE /* Base */ = {isa = PBXFileReference; lastKnownFileType = file.storyboard; name = Base; path = Base.lproj/LaunchScreen.storyboard; sourceTree = "<group>"; };
		BDC204D82B0DFA7300D2EFBE /* Info.plist */ = {isa = PBXFileReference; lastKnownFileType = text.plist.xml; name = Info.plist; path = Gismeteo/SupportingFiles/Info.plist; sourceTree = "<group>"; };
		BDC204DD2B0DFA7300D2EFBE /* GismeteoTests.xctest */ = {isa = PBXFileReference; explicitFileType = wrapper.cfbundle; includeInIndex = 0; path = GismeteoTests.xctest; sourceTree = BUILT_PRODUCTS_DIR; };
		BDC204E12B0DFA7300D2EFBE /* GismeteoTests.swift */ = {isa = PBXFileReference; lastKnownFileType = sourcecode.swift; path = GismeteoTests.swift; sourceTree = "<group>"; };
		BDC204E72B0DFA7300D2EFBE /* GismeteoUITests.xctest */ = {isa = PBXFileReference; explicitFileType = wrapper.cfbundle; includeInIndex = 0; path = GismeteoUITests.xctest; sourceTree = BUILT_PRODUCTS_DIR; };
		BDC204EB2B0DFA7300D2EFBE /* GismeteoUITests.swift */ = {isa = PBXFileReference; lastKnownFileType = sourcecode.swift; path = GismeteoUITests.swift; sourceTree = "<group>"; };
		BDC204ED2B0DFA7300D2EFBE /* GismeteoUITestsLaunchTests.swift */ = {isa = PBXFileReference; lastKnownFileType = sourcecode.swift; path = GismeteoUITestsLaunchTests.swift; sourceTree = "<group>"; };
/* End PBXFileReference section */

/* Begin PBXFrameworksBuildPhase section */
		BDC204C42B0DFA7200D2EFBE /* Frameworks */ = {
			isa = PBXFrameworksBuildPhase;
			buildActionMask = 2147483647;
			files = (
			);
			runOnlyForDeploymentPostprocessing = 0;
		};
		BDC204DA2B0DFA7300D2EFBE /* Frameworks */ = {
			isa = PBXFrameworksBuildPhase;
			buildActionMask = 2147483647;
			files = (
			);
			runOnlyForDeploymentPostprocessing = 0;
		};
		BDC204E42B0DFA7300D2EFBE /* Frameworks */ = {
			isa = PBXFrameworksBuildPhase;
			buildActionMask = 2147483647;
			files = (
			);
			runOnlyForDeploymentPostprocessing = 0;
		};
/* End PBXFrameworksBuildPhase section */

/* Begin PBXGroup section */
		BD09AC862B0F392E00DCA8F7 /* Autogenerated */ = {
			isa = PBXGroup;
			children = (
				BD09AC892B0F3CBA00DCA8F7 /* Assets.swift */,
				BD09AC8B2B0F3CC500DCA8F7 /* Strings.swift */,
			);
			path = Autogenerated;
			sourceTree = "<group>";
		};
		BDC204BE2B0DFA7200D2EFBE = {
			isa = PBXGroup;
			children = (
				BDC204C92B0DFA7200D2EFBE /* Gismeteo */,
				BDC204E02B0DFA7300D2EFBE /* GismeteoTests */,
				BDC204EA2B0DFA7300D2EFBE /* GismeteoUITests */,
				BDC204C82B0DFA7200D2EFBE /* Products */,
			);
			sourceTree = "<group>";
		};
		BDC204C82B0DFA7200D2EFBE /* Products */ = {
			isa = PBXGroup;
			children = (
				BDC204C72B0DFA7200D2EFBE /* Gismeteo.app */,
				BDC204DD2B0DFA7300D2EFBE /* GismeteoTests.xctest */,
				BDC204E72B0DFA7300D2EFBE /* GismeteoUITests.xctest */,
			);
			name = Products;
			sourceTree = "<group>";
		};
		BDC204C92B0DFA7200D2EFBE /* Gismeteo */ = {
			isa = PBXGroup;
			children = (
				BDC204FA2B0DFCE900D2EFBE /* Scenes */,
				BDC204FB2B0DFCFE00D2EFBE /* Theme */,
				BDC204FC2B0DFD1300D2EFBE /* Extensions */,
				BDC204FD2B0DFD2300D2EFBE /* SupportingFiles */,
				BDC204CA2B0DFA7200D2EFBE /* AppDelegate.swift */,
				BDC204CC2B0DFA7200D2EFBE /* SceneDelegate.swift */,
				BDC204CE2B0DFA7200D2EFBE /* ViewController.swift */,
			);
			path = Gismeteo;
			sourceTree = "<group>";
		};
		BDC204E02B0DFA7300D2EFBE /* GismeteoTests */ = {
			isa = PBXGroup;
			children = (
				BDC204E12B0DFA7300D2EFBE /* GismeteoTests.swift */,
			);
			path = GismeteoTests;
			sourceTree = "<group>";
		};
		BDC204EA2B0DFA7300D2EFBE /* GismeteoUITests */ = {
			isa = PBXGroup;
			children = (
				BDC204EB2B0DFA7300D2EFBE /* GismeteoUITests.swift */,
				BDC204ED2B0DFA7300D2EFBE /* GismeteoUITestsLaunchTests.swift */,
			);
			path = GismeteoUITests;
			sourceTree = "<group>";
		};
		BDC204FA2B0DFCE900D2EFBE /* Scenes */ = {
			isa = PBXGroup;
			children = (
			);
			path = Scenes;
			sourceTree = "<group>";
		};
		BDC204FB2B0DFCFE00D2EFBE /* Theme */ = {
			isa = PBXGroup;
			children = (
			);
			path = Theme;
			sourceTree = "<group>";
		};
		BDC204FC2B0DFD1300D2EFBE /* Extensions */ = {
			isa = PBXGroup;
			children = (
			);
			path = Extensions;
			sourceTree = "<group>";
		};
		BDC204FD2B0DFD2300D2EFBE /* SupportingFiles */ = {
			isa = PBXGroup;
			children = (
				BD09AC862B0F392E00DCA8F7 /* Autogenerated */,
				BDC204D52B0DFA7300D2EFBE /* LaunchScreen.storyboard */,
				BDC204D32B0DFA7300D2EFBE /* Assets.xcassets */,
				BDC204D82B0DFA7300D2EFBE /* Info.plist */,
				BD09AC8F2B0F40E100DCA8F7 /* Localizable.strings */,
			);
			name = SupportingFiles;
			path = ..;
			sourceTree = "<group>";
		};
/* End PBXGroup section */

/* Begin PBXNativeTarget section */
		BDC204C62B0DFA7200D2EFBE /* Gismeteo */ = {
			isa = PBXNativeTarget;
			buildConfigurationList = BDC204F12B0DFA7300D2EFBE /* Build configuration list for PBXNativeTarget "Gismeteo" */;
			buildPhases = (
				BDC204FF2B0E2A6700D2EFBE /* Run SwiftLint */,
				BD5DFFF62B0F1C8E006FF729 /* Run SwiftFormat */,
				BD09AC852B0F379000DCA8F7 /* Run SwiftGen */,
				BDC204C32B0DFA7200D2EFBE /* Sources */,
				BDC204C42B0DFA7200D2EFBE /* Frameworks */,
				BDC204C52B0DFA7200D2EFBE /* Resources */,
			);
			buildRules = (
			);
			dependencies = (
			);
			name = Gismeteo;
			productName = Gismeteo;
			productReference = BDC204C72B0DFA7200D2EFBE /* Gismeteo.app */;
			productType = "com.apple.product-type.application";
		};
		BDC204DC2B0DFA7300D2EFBE /* GismeteoTests */ = {
			isa = PBXNativeTarget;
			buildConfigurationList = BDC204F42B0DFA7300D2EFBE /* Build configuration list for PBXNativeTarget "GismeteoTests" */;
			buildPhases = (
				BDC204D92B0DFA7300D2EFBE /* Sources */,
				BDC204DA2B0DFA7300D2EFBE /* Frameworks */,
				BDC204DB2B0DFA7300D2EFBE /* Resources */,
			);
			buildRules = (
			);
			dependencies = (
				BDC204DF2B0DFA7300D2EFBE /* PBXTargetDependency */,
			);
			name = GismeteoTests;
			productName = GismeteoTests;
			productReference = BDC204DD2B0DFA7300D2EFBE /* GismeteoTests.xctest */;
			productType = "com.apple.product-type.bundle.unit-test";
		};
		BDC204E62B0DFA7300D2EFBE /* GismeteoUITests */ = {
			isa = PBXNativeTarget;
			buildConfigurationList = BDC204F72B0DFA7300D2EFBE /* Build configuration list for PBXNativeTarget "GismeteoUITests" */;
			buildPhases = (
				BDC204E32B0DFA7300D2EFBE /* Sources */,
				BDC204E42B0DFA7300D2EFBE /* Frameworks */,
				BDC204E52B0DFA7300D2EFBE /* Resources */,
			);
			buildRules = (
			);
			dependencies = (
				BDC204E92B0DFA7300D2EFBE /* PBXTargetDependency */,
			);
			name = GismeteoUITests;
			productName = GismeteoUITests;
			productReference = BDC204E72B0DFA7300D2EFBE /* GismeteoUITests.xctest */;
			productType = "com.apple.product-type.bundle.ui-testing";
		};
/* End PBXNativeTarget section */

/* Begin PBXProject section */
		BDC204BF2B0DFA7200D2EFBE /* Project object */ = {
			isa = PBXProject;
			attributes = {
				BuildIndependentTargetsInParallel = 1;
				LastSwiftUpdateCheck = 1500;
				LastUpgradeCheck = 1500;
				TargetAttributes = {
					BDC204C62B0DFA7200D2EFBE = {
						CreatedOnToolsVersion = 15.0.1;
					};
					BDC204DC2B0DFA7300D2EFBE = {
						CreatedOnToolsVersion = 15.0.1;
						TestTargetID = BDC204C62B0DFA7200D2EFBE;
					};
					BDC204E62B0DFA7300D2EFBE = {
						CreatedOnToolsVersion = 15.0.1;
						TestTargetID = BDC204C62B0DFA7200D2EFBE;
					};
				};
			};
			buildConfigurationList = BDC204C22B0DFA7200D2EFBE /* Build configuration list for PBXProject "Gismeteo" */;
			compatibilityVersion = "Xcode 14.0";
			developmentRegion = en;
			hasScannedForEncodings = 0;
			knownRegions = (
				en,
				Base,
			);
			mainGroup = BDC204BE2B0DFA7200D2EFBE;
			productRefGroup = BDC204C82B0DFA7200D2EFBE /* Products */;
			projectDirPath = "";
			projectRoot = "";
			targets = (
				BDC204C62B0DFA7200D2EFBE /* Gismeteo */,
				BDC204DC2B0DFA7300D2EFBE /* GismeteoTests */,
				BDC204E62B0DFA7300D2EFBE /* GismeteoUITests */,
			);
		};
/* End PBXProject section */

/* Begin PBXResourcesBuildPhase section */
		BDC204C52B0DFA7200D2EFBE /* Resources */ = {
			isa = PBXResourcesBuildPhase;
			buildActionMask = 2147483647;
			files = (
				BDC204D72B0DFA7300D2EFBE /* LaunchScreen.storyboard in Resources */,
				BD09AC8D2B0F40E100DCA8F7 /* Localizable.strings in Resources */,
				BDC204D42B0DFA7300D2EFBE /* Assets.xcassets in Resources */,
			);
			runOnlyForDeploymentPostprocessing = 0;
		};
		BDC204DB2B0DFA7300D2EFBE /* Resources */ = {
			isa = PBXResourcesBuildPhase;
			buildActionMask = 2147483647;
			files = (
			);
			runOnlyForDeploymentPostprocessing = 0;
		};
		BDC204E52B0DFA7300D2EFBE /* Resources */ = {
			isa = PBXResourcesBuildPhase;
			buildActionMask = 2147483647;
			files = (
			);
			runOnlyForDeploymentPostprocessing = 0;
		};
/* End PBXResourcesBuildPhase section */

/* Begin PBXShellScriptBuildPhase section */
		BD09AC852B0F379000DCA8F7 /* Run SwiftGen */ = {
			isa = PBXShellScriptBuildPhase;
			alwaysOutOfDate = 1;
			buildActionMask = 2147483647;
			files = (
			);
			inputFileListPaths = (
				"$(SRCROOT)/Gismeteo/SupportingFiles/Autogenerated/Strings.swift",
				"$(SRCROOT)/Gismeteo/SupportingFiles/Autogenerated/Assets.swift",
			);
			inputPaths = (
			);
			name = "Run SwiftGen";
			outputFileListPaths = (
			);
			outputPaths = (
			);
			runOnlyForDeploymentPostprocessing = 0;
			shellPath = /bin/sh;
			shellScript = "Swiftgen/swiftgen.sh\n";
		};
		BD5DFFF62B0F1C8E006FF729 /* Run SwiftFormat */ = {
			isa = PBXShellScriptBuildPhase;
			alwaysOutOfDate = 1;
			buildActionMask = 2147483647;
			files = (
			);
			inputFileListPaths = (
			);
			inputPaths = (
			);
			name = "Run SwiftFormat";
			outputFileListPaths = (
			);
			outputPaths = (
			);
			runOnlyForDeploymentPostprocessing = 0;
			shellPath = /bin/sh;
			shellScript = "Swiftformat/swiftformat.sh\n";
		};
		BDC204FF2B0E2A6700D2EFBE /* Run SwiftLint */ = {
			isa = PBXShellScriptBuildPhase;
			alwaysOutOfDate = 1;
			buildActionMask = 2147483647;
			files = (
			);
			inputFileListPaths = (
			);
			inputPaths = (
			);
			name = "Run SwiftLint";
			outputFileListPaths = (
			);
			outputPaths = (
			);
			runOnlyForDeploymentPostprocessing = 0;
			shellPath = /bin/sh;
			shellScript = "SwiftLint/swiftlint.sh\n\n";
		};
/* End PBXShellScriptBuildPhase section */

/* Begin PBXSourcesBuildPhase section */
		BDC204C32B0DFA7200D2EFBE /* Sources */ = {
			isa = PBXSourcesBuildPhase;
			buildActionMask = 2147483647;
			files = (
				BDC204CF2B0DFA7200D2EFBE /* ViewController.swift in Sources */,
				BDC204CB2B0DFA7200D2EFBE /* AppDelegate.swift in Sources */,
				BD09AC8C2B0F3CC500DCA8F7 /* Strings.swift in Sources */,
				BD09AC8A2B0F3CBA00DCA8F7 /* Assets.swift in Sources */,
				BDC204CD2B0DFA7200D2EFBE /* SceneDelegate.swift in Sources */,
			);
			runOnlyForDeploymentPostprocessing = 0;
		};
		BDC204D92B0DFA7300D2EFBE /* Sources */ = {
			isa = PBXSourcesBuildPhase;
			buildActionMask = 2147483647;
			files = (
				BDC204E22B0DFA7300D2EFBE /* GismeteoTests.swift in Sources */,
			);
			runOnlyForDeploymentPostprocessing = 0;
		};
		BDC204E32B0DFA7300D2EFBE /* Sources */ = {
			isa = PBXSourcesBuildPhase;
			buildActionMask = 2147483647;
			files = (
				BDC204EE2B0DFA7300D2EFBE /* GismeteoUITestsLaunchTests.swift in Sources */,
				BDC204EC2B0DFA7300D2EFBE /* GismeteoUITests.swift in Sources */,
			);
			runOnlyForDeploymentPostprocessing = 0;
		};
/* End PBXSourcesBuildPhase section */

/* Begin PBXTargetDependency section */
		BDC204DF2B0DFA7300D2EFBE /* PBXTargetDependency */ = {
			isa = PBXTargetDependency;
			target = BDC204C62B0DFA7200D2EFBE /* Gismeteo */;
			targetProxy = BDC204DE2B0DFA7300D2EFBE /* PBXContainerItemProxy */;
		};
		BDC204E92B0DFA7300D2EFBE /* PBXTargetDependency */ = {
			isa = PBXTargetDependency;
			target = BDC204C62B0DFA7200D2EFBE /* Gismeteo */;
			targetProxy = BDC204E82B0DFA7300D2EFBE /* PBXContainerItemProxy */;
		};
/* End PBXTargetDependency section */

/* Begin PBXVariantGroup section */
		BD09AC8F2B0F40E100DCA8F7 /* Localizable.strings */ = {
			isa = PBXVariantGroup;
			children = (
				BD09AC8E2B0F40E100DCA8F7 /* en */,
			);
			name = Localizable.strings;
			path = Gismeteo/SupportingFiles;
			sourceTree = "<group>";
		};
		BDC204D52B0DFA7300D2EFBE /* LaunchScreen.storyboard */ = {
			isa = PBXVariantGroup;
			children = (
				BDC204D62B0DFA7300D2EFBE /* Base */,
			);
			name = LaunchScreen.storyboard;
			path = Gismeteo/SupportingFiles;
			sourceTree = "<group>";
		};
/* End PBXVariantGroup section */

/* Begin XCBuildConfiguration section */
		BDC204EF2B0DFA7300D2EFBE /* Debug */ = {
			isa = XCBuildConfiguration;
			buildSettings = {
				ALWAYS_SEARCH_USER_PATHS = NO;
				ASSETCATALOG_COMPILER_GENERATE_SWIFT_ASSET_SYMBOL_EXTENSIONS = YES;
				CLANG_ANALYZER_NONNULL = YES;
				CLANG_ANALYZER_NUMBER_OBJECT_CONVERSION = YES_AGGRESSIVE;
				CLANG_CXX_LANGUAGE_STANDARD = "gnu++20";
				CLANG_ENABLE_MODULES = YES;
				CLANG_ENABLE_OBJC_ARC = YES;
				CLANG_ENABLE_OBJC_WEAK = YES;
				CLANG_WARN_BLOCK_CAPTURE_AUTORELEASING = YES;
				CLANG_WARN_BOOL_CONVERSION = YES;
				CLANG_WARN_COMMA = YES;
				CLANG_WARN_CONSTANT_CONVERSION = YES;
				CLANG_WARN_DEPRECATED_OBJC_IMPLEMENTATIONS = YES;
				CLANG_WARN_DIRECT_OBJC_ISA_USAGE = YES_ERROR;
				CLANG_WARN_DOCUMENTATION_COMMENTS = YES;
				CLANG_WARN_EMPTY_BODY = YES;
				CLANG_WARN_ENUM_CONVERSION = YES;
				CLANG_WARN_INFINITE_RECURSION = YES;
				CLANG_WARN_INT_CONVERSION = YES;
				CLANG_WARN_NON_LITERAL_NULL_CONVERSION = YES;
				CLANG_WARN_OBJC_IMPLICIT_RETAIN_SELF = YES;
				CLANG_WARN_OBJC_LITERAL_CONVERSION = YES;
				CLANG_WARN_OBJC_ROOT_CLASS = YES_ERROR;
				CLANG_WARN_QUOTED_INCLUDE_IN_FRAMEWORK_HEADER = YES;
				CLANG_WARN_RANGE_LOOP_ANALYSIS = YES;
				CLANG_WARN_STRICT_PROTOTYPES = YES;
				CLANG_WARN_SUSPICIOUS_MOVE = YES;
				CLANG_WARN_UNGUARDED_AVAILABILITY = YES_AGGRESSIVE;
				CLANG_WARN_UNREACHABLE_CODE = YES;
				CLANG_WARN__DUPLICATE_METHOD_MATCH = YES;
				COPY_PHASE_STRIP = NO;
				DEBUG_INFORMATION_FORMAT = dwarf;
				ENABLE_STRICT_OBJC_MSGSEND = YES;
				ENABLE_TESTABILITY = YES;
				ENABLE_USER_SCRIPT_SANDBOXING = NO;
				GCC_C_LANGUAGE_STANDARD = gnu17;
				GCC_DYNAMIC_NO_PIC = NO;
				GCC_NO_COMMON_BLOCKS = YES;
				GCC_OPTIMIZATION_LEVEL = 0;
				GCC_PREPROCESSOR_DEFINITIONS = (
					"DEBUG=1",
					"$(inherited)",
				);
				GCC_WARN_64_TO_32_BIT_CONVERSION = YES;
				GCC_WARN_ABOUT_RETURN_TYPE = YES_ERROR;
				GCC_WARN_UNDECLARED_SELECTOR = YES;
				GCC_WARN_UNINITIALIZED_AUTOS = YES_AGGRESSIVE;
				GCC_WARN_UNUSED_FUNCTION = YES;
				GCC_WARN_UNUSED_VARIABLE = YES;
				IPHONEOS_DEPLOYMENT_TARGET = 17.0;
				LOCALIZATION_PREFERS_STRING_CATALOGS = YES;
				MTL_ENABLE_DEBUG_INFO = INCLUDE_SOURCE;
				MTL_FAST_MATH = YES;
				ONLY_ACTIVE_ARCH = YES;
				SDKROOT = iphoneos;
				SWIFT_ACTIVE_COMPILATION_CONDITIONS = "DEBUG $(inherited)";
				SWIFT_OPTIMIZATION_LEVEL = "-Onone";
			};
			name = Debug;
		};
		BDC204F02B0DFA7300D2EFBE /* Release */ = {
			isa = XCBuildConfiguration;
			buildSettings = {
				ALWAYS_SEARCH_USER_PATHS = NO;
				ASSETCATALOG_COMPILER_GENERATE_SWIFT_ASSET_SYMBOL_EXTENSIONS = YES;
				CLANG_ANALYZER_NONNULL = YES;
				CLANG_ANALYZER_NUMBER_OBJECT_CONVERSION = YES_AGGRESSIVE;
				CLANG_CXX_LANGUAGE_STANDARD = "gnu++20";
				CLANG_ENABLE_MODULES = YES;
				CLANG_ENABLE_OBJC_ARC = YES;
				CLANG_ENABLE_OBJC_WEAK = YES;
				CLANG_WARN_BLOCK_CAPTURE_AUTORELEASING = YES;
				CLANG_WARN_BOOL_CONVERSION = YES;
				CLANG_WARN_COMMA = YES;
				CLANG_WARN_CONSTANT_CONVERSION = YES;
				CLANG_WARN_DEPRECATED_OBJC_IMPLEMENTATIONS = YES;
				CLANG_WARN_DIRECT_OBJC_ISA_USAGE = YES_ERROR;
				CLANG_WARN_DOCUMENTATION_COMMENTS = YES;
				CLANG_WARN_EMPTY_BODY = YES;
				CLANG_WARN_ENUM_CONVERSION = YES;
				CLANG_WARN_INFINITE_RECURSION = YES;
				CLANG_WARN_INT_CONVERSION = YES;
				CLANG_WARN_NON_LITERAL_NULL_CONVERSION = YES;
				CLANG_WARN_OBJC_IMPLICIT_RETAIN_SELF = YES;
				CLANG_WARN_OBJC_LITERAL_CONVERSION = YES;
				CLANG_WARN_OBJC_ROOT_CLASS = YES_ERROR;
				CLANG_WARN_QUOTED_INCLUDE_IN_FRAMEWORK_HEADER = YES;
				CLANG_WARN_RANGE_LOOP_ANALYSIS = YES;
				CLANG_WARN_STRICT_PROTOTYPES = YES;
				CLANG_WARN_SUSPICIOUS_MOVE = YES;
				CLANG_WARN_UNGUARDED_AVAILABILITY = YES_AGGRESSIVE;
				CLANG_WARN_UNREACHABLE_CODE = YES;
				CLANG_WARN__DUPLICATE_METHOD_MATCH = YES;
				COPY_PHASE_STRIP = NO;
				DEBUG_INFORMATION_FORMAT = "dwarf-with-dsym";
				ENABLE_NS_ASSERTIONS = NO;
				ENABLE_STRICT_OBJC_MSGSEND = YES;
				ENABLE_USER_SCRIPT_SANDBOXING = NO;
				GCC_C_LANGUAGE_STANDARD = gnu17;
				GCC_NO_COMMON_BLOCKS = YES;
				GCC_WARN_64_TO_32_BIT_CONVERSION = YES;
				GCC_WARN_ABOUT_RETURN_TYPE = YES_ERROR;
				GCC_WARN_UNDECLARED_SELECTOR = YES;
				GCC_WARN_UNINITIALIZED_AUTOS = YES_AGGRESSIVE;
				GCC_WARN_UNUSED_FUNCTION = YES;
				GCC_WARN_UNUSED_VARIABLE = YES;
				IPHONEOS_DEPLOYMENT_TARGET = 17.0;
				LOCALIZATION_PREFERS_STRING_CATALOGS = YES;
				MTL_ENABLE_DEBUG_INFO = NO;
				MTL_FAST_MATH = YES;
				SDKROOT = iphoneos;
				SWIFT_COMPILATION_MODE = wholemodule;
				VALIDATE_PRODUCT = YES;
			};
			name = Release;
		};
		BDC204F22B0DFA7300D2EFBE /* Debug */ = {
			isa = XCBuildConfiguration;
			buildSettings = {
				ASSETCATALOG_COMPILER_APPICON_NAME = AppIcon;
				ASSETCATALOG_COMPILER_GLOBAL_ACCENT_COLOR_NAME = AccentColor;
				CODE_SIGN_STYLE = Automatic;
				CURRENT_PROJECT_VERSION = 1;
				DEVELOPMENT_TEAM = LKK2YPD73Z;
				GENERATE_INFOPLIST_FILE = YES;
				INFOPLIST_FILE = Gismeteo/SupportingFiles/Info.plist;
				INFOPLIST_KEY_UIApplicationSupportsIndirectInputEvents = YES;
				INFOPLIST_KEY_UILaunchStoryboardName = LaunchScreen;
				INFOPLIST_KEY_UISupportedInterfaceOrientations = UIInterfaceOrientationPortrait;
				INFOPLIST_KEY_UISupportedInterfaceOrientations_iPad = "UIInterfaceOrientationLandscapeLeft UIInterfaceOrientationLandscapeRight UIInterfaceOrientationPortrait UIInterfaceOrientationPortraitUpsideDown";
				LD_RUNPATH_SEARCH_PATHS = (
					"$(inherited)",
					"@executable_path/Frameworks",
				);
				MARKETING_VERSION = 1.0;
				PRODUCT_BUNDLE_IDENTIFIER = Logunkov.Gismeteo;
				PRODUCT_NAME = "$(TARGET_NAME)";
				SUPPORTED_PLATFORMS = "iphoneos iphonesimulator";
				SUPPORTS_MACCATALYST = NO;
				SUPPORTS_MAC_DESIGNED_FOR_IPHONE_IPAD = NO;
				SWIFT_EMIT_LOC_STRINGS = YES;
				SWIFT_VERSION = 5.0;
				TARGETED_DEVICE_FAMILY = 1;
			};
			name = Debug;
		};
		BDC204F32B0DFA7300D2EFBE /* Release */ = {
			isa = XCBuildConfiguration;
			buildSettings = {
				ASSETCATALOG_COMPILER_APPICON_NAME = AppIcon;
				ASSETCATALOG_COMPILER_GLOBAL_ACCENT_COLOR_NAME = AccentColor;
				CODE_SIGN_STYLE = Automatic;
				CURRENT_PROJECT_VERSION = 1;
				DEVELOPMENT_TEAM = LKK2YPD73Z;
				GENERATE_INFOPLIST_FILE = YES;
				INFOPLIST_FILE = Gismeteo/SupportingFiles/Info.plist;
				INFOPLIST_KEY_UIApplicationSupportsIndirectInputEvents = YES;
				INFOPLIST_KEY_UILaunchStoryboardName = LaunchScreen;
				INFOPLIST_KEY_UISupportedInterfaceOrientations = UIInterfaceOrientationPortrait;
				INFOPLIST_KEY_UISupportedInterfaceOrientations_iPad = "UIInterfaceOrientationLandscapeLeft UIInterfaceOrientationLandscapeRight UIInterfaceOrientationPortrait UIInterfaceOrientationPortraitUpsideDown";
				LD_RUNPATH_SEARCH_PATHS = (
					"$(inherited)",
					"@executable_path/Frameworks",
				);
				MARKETING_VERSION = 1.0;
				PRODUCT_BUNDLE_IDENTIFIER = Logunkov.Gismeteo;
				PRODUCT_NAME = "$(TARGET_NAME)";
				SUPPORTED_PLATFORMS = "iphoneos iphonesimulator";
				SUPPORTS_MACCATALYST = NO;
				SUPPORTS_MAC_DESIGNED_FOR_IPHONE_IPAD = NO;
				SWIFT_EMIT_LOC_STRINGS = YES;
				SWIFT_VERSION = 5.0;
				TARGETED_DEVICE_FAMILY = 1;
			};
			name = Release;
		};
		BDC204F52B0DFA7300D2EFBE /* Debug */ = {
			isa = XCBuildConfiguration;
			buildSettings = {
				ALWAYS_EMBED_SWIFT_STANDARD_LIBRARIES = YES;
				BUNDLE_LOADER = "$(TEST_HOST)";
				CODE_SIGN_STYLE = Automatic;
				CURRENT_PROJECT_VERSION = 1;
				DEVELOPMENT_TEAM = LKK2YPD73Z;
				ENABLE_USER_SCRIPT_SANDBOXING = NO;
				GENERATE_INFOPLIST_FILE = YES;
				IPHONEOS_DEPLOYMENT_TARGET = 17.0;
				MARKETING_VERSION = 1.0;
				PRODUCT_BUNDLE_IDENTIFIER = Logunkov.GismeteoTests;
				PRODUCT_NAME = "$(TARGET_NAME)";
				SWIFT_EMIT_LOC_STRINGS = NO;
				SWIFT_VERSION = 5.0;
				TARGETED_DEVICE_FAMILY = "1,2";
				TEST_HOST = "$(BUILT_PRODUCTS_DIR)/Gismeteo.app/$(BUNDLE_EXECUTABLE_FOLDER_PATH)/Gismeteo";
			};
			name = Debug;
		};
		BDC204F62B0DFA7300D2EFBE /* Release */ = {
			isa = XCBuildConfiguration;
			buildSettings = {
				ALWAYS_EMBED_SWIFT_STANDARD_LIBRARIES = YES;
				BUNDLE_LOADER = "$(TEST_HOST)";
				CODE_SIGN_STYLE = Automatic;
				CURRENT_PROJECT_VERSION = 1;
				DEVELOPMENT_TEAM = LKK2YPD73Z;
				ENABLE_USER_SCRIPT_SANDBOXING = NO;
				GENERATE_INFOPLIST_FILE = YES;
				IPHONEOS_DEPLOYMENT_TARGET = 17.0;
				MARKETING_VERSION = 1.0;
				PRODUCT_BUNDLE_IDENTIFIER = Logunkov.GismeteoTests;
				PRODUCT_NAME = "$(TARGET_NAME)";
				SWIFT_EMIT_LOC_STRINGS = NO;
				SWIFT_VERSION = 5.0;
				TARGETED_DEVICE_FAMILY = "1,2";
				TEST_HOST = "$(BUILT_PRODUCTS_DIR)/Gismeteo.app/$(BUNDLE_EXECUTABLE_FOLDER_PATH)/Gismeteo";
			};
			name = Release;
		};
		BDC204F82B0DFA7300D2EFBE /* Debug */ = {
			isa = XCBuildConfiguration;
			buildSettings = {
				ALWAYS_EMBED_SWIFT_STANDARD_LIBRARIES = YES;
				CODE_SIGN_STYLE = Automatic;
				CURRENT_PROJECT_VERSION = 1;
				DEVELOPMENT_TEAM = LKK2YPD73Z;
				GENERATE_INFOPLIST_FILE = YES;
				MARKETING_VERSION = 1.0;
				PRODUCT_BUNDLE_IDENTIFIER = Logunkov.GismeteoUITests;
				PRODUCT_NAME = "$(TARGET_NAME)";
				SWIFT_EMIT_LOC_STRINGS = NO;
				SWIFT_VERSION = 5.0;
				TARGETED_DEVICE_FAMILY = "1,2";
				TEST_TARGET_NAME = Gismeteo;
			};
			name = Debug;
		};
		BDC204F92B0DFA7300D2EFBE /* Release */ = {
			isa = XCBuildConfiguration;
			buildSettings = {
				ALWAYS_EMBED_SWIFT_STANDARD_LIBRARIES = YES;
				CODE_SIGN_STYLE = Automatic;
				CURRENT_PROJECT_VERSION = 1;
				DEVELOPMENT_TEAM = LKK2YPD73Z;
				GENERATE_INFOPLIST_FILE = YES;
				MARKETING_VERSION = 1.0;
				PRODUCT_BUNDLE_IDENTIFIER = Logunkov.GismeteoUITests;
				PRODUCT_NAME = "$(TARGET_NAME)";
				SWIFT_EMIT_LOC_STRINGS = NO;
				SWIFT_VERSION = 5.0;
				TARGETED_DEVICE_FAMILY = "1,2";
				TEST_TARGET_NAME = Gismeteo;
			};
			name = Release;
		};
/* End XCBuildConfiguration section */

/* Begin XCConfigurationList section */
		BDC204C22B0DFA7200D2EFBE /* Build configuration list for PBXProject "Gismeteo" */ = {
			isa = XCConfigurationList;
			buildConfigurations = (
				BDC204EF2B0DFA7300D2EFBE /* Debug */,
				BDC204F02B0DFA7300D2EFBE /* Release */,
			);
			defaultConfigurationIsVisible = 0;
			defaultConfigurationName = Release;
		};
		BDC204F12B0DFA7300D2EFBE /* Build configuration list for PBXNativeTarget "Gismeteo" */ = {
			isa = XCConfigurationList;
			buildConfigurations = (
				BDC204F22B0DFA7300D2EFBE /* Debug */,
				BDC204F32B0DFA7300D2EFBE /* Release */,
			);
			defaultConfigurationIsVisible = 0;
			defaultConfigurationName = Release;
		};
		BDC204F42B0DFA7300D2EFBE /* Build configuration list for PBXNativeTarget "GismeteoTests" */ = {
			isa = XCConfigurationList;
			buildConfigurations = (
				BDC204F52B0DFA7300D2EFBE /* Debug */,
				BDC204F62B0DFA7300D2EFBE /* Release */,
			);
			defaultConfigurationIsVisible = 0;
			defaultConfigurationName = Release;
		};
		BDC204F72B0DFA7300D2EFBE /* Build configuration list for PBXNativeTarget "GismeteoUITests" */ = {
			isa = XCConfigurationList;
			buildConfigurations = (
				BDC204F82B0DFA7300D2EFBE /* Debug */,
				BDC204F92B0DFA7300D2EFBE /* Release */,
			);
			defaultConfigurationIsVisible = 0;
			defaultConfigurationName = Release;
		};
/* End XCConfigurationList section */
	};
	rootObject = BDC204BF2B0DFA7200D2EFBE /* Project object */;
}
